{
  "schema_version": "venturalitica.ai/v1alpha1",
  "program_uid": "b1479285-5908-56d3-9207-d7ab4c1e642c",
  "triple": {
    "code": "4b043a1234b007b56a1bcb158a3b781f07443e8a",
    "model": "logreg:seed=42",
    "dataset": ""
  },
  "sections": {
    "classification": {
      "status": "valid",
      "input_hash": "sha256:12ee1c02d8f357581d9b237072eb3ab5a1f7be19370f307a4c6e2fe3c6fbea3f",
      "edge_type": "scope"
    },
    "data_governance": {
      "status": "valid",
      "input_hash": "sha256:685d3e3d24f755b753da3d48adaf966503da8269329823d1b1aba9b7740ee015",
      "edge_type": "data"
    },
    "measurement-data": {
      "status": "valid",
      "input_hash": "sha256:e3b0c44298fc1c149afbf4c8996fb92427ae41e4649b934ca495991b7852b855",
      "edge_type": "data"
    },
    "measurement-model": {
      "status": "valid",
      "input_hash": "sha256:7f2e3ce3407362da4ecd4ad169dc3b11bbc8601d9b73b71c06664174055e3260",
      "edge_type": "impl"
    },
    "risks": {
      "status": "valid",
      "input_hash": "sha256:12ee1c02d8f357581d9b237072eb3ab5a1f7be19370f307a4c6e2fe3c6fbea3f",
      "edge_type": "scope"
    }
  },
  "signed_bundle_digest": "{\"payload\":\"eyJfdHlwZSI6Imh0dHBzOi8vaW4tdG90by5pby9TdGF0ZW1lbnQvdjEiLCJwcmVkaWNhdGUiOnsic3RhdGVtZW50X3ZlcnNpb24iOjEsInRvb2wiOiJ2ZW50aCJ9LCJwcmVkaWNhdGVUeXBlIjoiaHR0cHM6Ly92ZW50dXJhbGl0aWNhLmFpL2F0dGVzdGF0aW9uL3YxIiwic3ViamVjdCI6W3siZGlnZXN0Ijp7InNoYTI1NiI6IjY3ZjM0OTVjOTAyNDZiNjk4YTIwYzViZGExMzRlNjgxYWMwOWQ5N2U1YTJiZmUzZDRmMDNhNTY4MzU1YWE5YzUifSwibmFtZSI6ImJ1bmRsZS5qc29uIn1dfQ==\",\"payloadType\":\"application/vnd.in-toto+json\",\"signatures\":[{\"keyid\":\"9ac2939c295e9c9e45cb1919b0701840362a782f7cd937ff0d524dc9ef174eb9\",\"sig\":\"AvQEPQWO0r1+hrAzqvFun7OLbx1dyKA6KoF2Xo4oCTvBk6hzUkb98k+3FEBBFYiCSx7GfNAM4CiEHBB06Gl6fQ==\"}]}"
}